
Microsoft Visual Studio Solution File, Format Version 12.00
# Visual Studio 15
VisualStudioVersion = 15.0.26124.0
MinimumVisualStudioVersion = 15.0.26124.0
Project("{2150E333-8FDC-42A3-9474-1A3956D46DE8}") = "src", "src", "{E43D0ECA-37A0-4D51-93C3-E5072E7A5302}"
EndProject
Project("{FAE04EC0-301F-11D3-BF4B-00C04F79EFBC}") = "PalTracker", "src\PalTracker\PalTracker.csproj", "{C8E898F3-5E14-4290-8185-E8A227F4490A}"
EndProject
Project("{2150E333-8FDC-42A3-9474-1A3956D46DE8}") = "test", "test", "{99131522-F3DB-4FAE-9A74-91D49C495900}"
EndProject
Project("{FAE04EC0-301F-11D3-BF4B-00C04F79EFBC}") = "PalTrackerTests", "test\PalTrackerTests\PalTrackerTests.csproj", "{E4A1CE42-EC08-4FE0-AD36-CDE92B60DD93}"
EndProject
Global
	GlobalSection(SolutionConfigurationPlatforms) = preSolution
		Debug|Any CPU = Debug|Any CPU
		Debug|x64 = Debug|x64
		Debug|x86 = Debug|x86
		Release|Any CPU = Release|Any CPU
		Release|x64 = Release|x64
		Release|x86 = Release|x86
	EndGlobalSection
	GlobalSection(SolutionProperties) = preSolution
		HideSolutionNode = FALSE
	EndGlobalSection
	GlobalSection(ProjectConfigurationPlatforms) = postSolution
		{C8E898F3-5E14-4290-8185-E8A227F4490A}.Debug|Any CPU.ActiveCfg = Debug|Any CPU
		{C8E898F3-5E14-4290-8185-E8A227F4490A}.Debug|Any CPU.Build.0 = Debug|Any CPU
		{C8E898F3-5E14-4290-8185-E8A227F4490A}.Debug|x64.ActiveCfg = Debug|x64
		{C8E898F3-5E14-4290-8185-E8A227F4490A}.Debug|x64.Build.0 = Debug|x64
		{C8E898F3-5E14-4290-8185-E8A227F4490A}.Debug|x86.ActiveCfg = Debug|x86
		{C8E898F3-5E14-4290-8185-E8A227F4490A}.Debug|x86.Build.0 = Debug|x86
		{C8E898F3-5E14-4290-8185-E8A227F4490A}.Release|Any CPU.ActiveCfg = Release|Any CPU
		{C8E898F3-5E14-4290-8185-E8A227F4490A}.Release|Any CPU.Build.0 = Release|Any CPU
		{C8E898F3-5E14-4290-8185-E8A227F4490A}.Release|x64.ActiveCfg = Release|x64
		{C8E898F3-5E14-4290-8185-E8A227F4490A}.Release|x64.Build.0 = Release|x64
		{C8E898F3-5E14-4290-8185-E8A227F4490A}.Release|x86.ActiveCfg = Release|x86
		{C8E898F3-5E14-4290-8185-E8A227F4490A}.Release|x86.Build.0 = Release|x86
		{E4A1CE42-EC08-4FE0-AD36-CDE92B60DD93}.Debug|Any CPU.ActiveCfg = Debug|Any CPU
		{E4A1CE42-EC08-4FE0-AD36-CDE92B60DD93}.Debug|Any CPU.Build.0 = Debug|Any CPU
		{E4A1CE42-EC08-4FE0-AD36-CDE92B60DD93}.Debug|x64.ActiveCfg = Debug|x64
		{E4A1CE42-EC08-4FE0-AD36-CDE92B60DD93}.Debug|x64.Build.0 = Debug|x64
		{E4A1CE42-EC08-4FE0-AD36-CDE92B60DD93}.Debug|x86.ActiveCfg = Debug|x86
		{E4A1CE42-EC08-4FE0-AD36-CDE92B60DD93}.Debug|x86.Build.0 = Debug|x86
		{E4A1CE42-EC08-4FE0-AD36-CDE92B60DD93}.Release|Any CPU.ActiveCfg = Release|Any CPU
		{E4A1CE42-EC08-4FE0-AD36-CDE92B60DD93}.Release|Any CPU.Build.0 = Release|Any CPU
		{E4A1CE42-EC08-4FE0-AD36-CDE92B60DD93}.Release|x64.ActiveCfg = Release|x64
		{E4A1CE42-EC08-4FE0-AD36-CDE92B60DD93}.Release|x64.Build.0 = Release|x64
		{E4A1CE42-EC08-4FE0-AD36-CDE92B60DD93}.Release|x86.ActiveCfg = Release|x86
		{E4A1CE42-EC08-4FE0-AD36-CDE92B60DD93}.Release|x86.Build.0 = Release|x86
	EndGlobalSection
	GlobalSection(NestedProjects) = preSolution
		{C8E898F3-5E14-4290-8185-E8A227F4490A} = {E43D0ECA-37A0-4D51-93C3-E5072E7A5302}
		{E4A1CE42-EC08-4FE0-AD36-CDE92B60DD93} = {99131522-F3DB-4FAE-9A74-91D49C495900}
	EndGlobalSection
EndGlobal
